
Microsoft Visual Studio Solution File, Format Version 12.00
# Visual Studio 15
Project("{FAE04EC0-301F-11D3-BF4B-00C04F79EFBC}") = "MPSGame", "MPSGame.csproj", "{34D9AAB2-AD82-1EA7-2DAC-7BF71EC36291}"
EndProject
Project("{FAE04EC0-301F-11D3-BF4B-00C04F79EFBC}") = "MPSGame.Editor", "MPSGame.Editor.csproj", "{3995C28C-6897-FA0B-F595-909609665139}"
EndProject
Global
	GlobalSection(SolutionConfigurationPlatforms) = preSolution
		Debug|Any CPU = Debug|Any CPU
		Release|Any CPU = Release|Any CPU
	EndGlobalSection
	GlobalSection(ProjectConfigurationPlatforms) = postSolution
		{34D9AAB2-AD82-1EA7-2DAC-7BF71EC36291}.Debug|Any CPU.ActiveCfg = Debug|Any CPU
		{34D9AAB2-AD82-1EA7-2DAC-7BF71EC36291}.Debug|Any CPU.Build.0 = Debug|Any CPU
		{34D9AAB2-AD82-1EA7-2DAC-7BF71EC36291}.Release|Any CPU.ActiveCfg = Release|Any CPU
		{34D9AAB2-AD82-1EA7-2DAC-7BF71EC36291}.Release|Any CPU.Build.0 = Release|Any CPU
		{3995C28C-6897-FA0B-F595-909609665139}.Debug|Any CPU.ActiveCfg = Debug|Any CPU
		{3995C28C-6897-FA0B-F595-909609665139}.Debug|Any CPU.Build.0 = Debug|Any CPU
		{3995C28C-6897-FA0B-F595-909609665139}.Release|Any CPU.ActiveCfg = Release|Any CPU
		{3995C28C-6897-FA0B-F595-909609665139}.Release|Any CPU.Build.0 = Release|Any CPU
	EndGlobalSection
	GlobalSection(SolutionProperties) = preSolution
		HideSolutionNode = FALSE
	EndGlobalSection
EndGlobal
